// !$*UTF8*$!
{
	archiveVersion = 1;
	classes = {
	};
	objectVersion = 46;
	objects = {

/* Begin PBXBuildFile section */
		1FD33D11134E33A1000BB622 /* UIKit.framework in Frameworks */ = {isa = PBXBuildFile; fileRef = 1FD33D10134E33A1000BB622 /* UIKit.framework */; };
		1FD33D13134E33A1000BB622 /* Foundation.framework in Frameworks */ = {isa = PBXBuildFile; fileRef = 1FD33D12134E33A1000BB622 /* Foundation.framework */; };
		1FD33D15134E33A1000BB622 /* CoreGraphics.framework in Frameworks */ = {isa = PBXBuildFile; fileRef = 1FD33D14134E33A1000BB622 /* CoreGraphics.framework */; };
		1FD33D1B134E33A1000BB622 /* InfoPlist.strings in Resources */ = {isa = PBXBuildFile; fileRef = 1FD33D19134E33A1000BB622 /* InfoPlist.strings */; };
		1FD33D1E134E33A1000BB622 /* main.m in Sources */ = {isa = PBXBuildFile; fileRef = 1FD33D1D134E33A1000BB622 /* main.m */; };
		1FD33D21134E33A1000BB622 /* ImmExampleAppDelegate.m in Sources */ = {isa = PBXBuildFile; fileRef = 1FD33D20134E33A1000BB622 /* ImmExampleAppDelegate.m */; };
		1FD33D24134E33A1000BB622 /* MainWindow.xib in Resources */ = {isa = PBXBuildFile; fileRef = 1FD33D22134E33A1000BB622 /* MainWindow.xib */; };
		1FD33D27134E33A1000BB622 /* ImmExampleViewController.m in Sources */ = {isa = PBXBuildFile; fileRef = 1FD33D26134E33A1000BB622 /* ImmExampleViewController.m */; };
		1FD33D2A134E33A1000BB622 /* ImmExampleViewController.xib in Resources */ = {isa = PBXBuildFile; fileRef = 1FD33D28134E33A1000BB622 /* ImmExampleViewController.xib */; };
		1FD33D32134E3D75000BB622 /* ImExController.m in Sources */ = {isa = PBXBuildFile; fileRef = 1FD33D31134E3D75000BB622 /* ImExController.m */; };
		1FD33D37134E4A57000BB622 /* FAExampleController.m in Sources */ = {isa = PBXBuildFile; fileRef = 1FD33D36134E4A57000BB622 /* FAExampleController.m */; };
		1FD33D3A134E4B07000BB622 /* FAModel.m in Sources */ = {isa = PBXBuildFile; fileRef = 1FD33D39134E4B07000BB622 /* FAModel.m */; };
		1FD33D3D134E50C4000BB622 /* FAExampleController.xib in Resources */ = {isa = PBXBuildFile; fileRef = 1FD33D3C134E50C4000BB622 /* FAExampleController.xib */; };
		1FD33D47134E5293000BB622 /* FAExampleBackground.png in Resources */ = {isa = PBXBuildFile; fileRef = 1FD33D46134E5293000BB622 /* FAExampleBackground.png */; };
		1FD33D4B134E5B2D000BB622 /* FAGraphView.m in Sources */ = {isa = PBXBuildFile; fileRef = 1FD33D4A134E5B2D000BB622 /* FAGraphView.m */; };
		7715135A135F68060092CCD5 /* MZNHCelestialBody.m in Sources */ = {isa = PBXBuildFile; fileRef = 77151359135F68060092CCD5 /* MZNHCelestialBody.m */; };
		7715135D135F739F0092CCD5 /* CelestialBodyData.plist in Resources */ = {isa = PBXBuildFile; fileRef = 7715135C135F739F0092CCD5 /* CelestialBodyData.plist */; };
		9B48980A135F89BD0076519E /* MZNHController.m in Sources */ = {isa = PBXBuildFile; fileRef = 9B489809135F89BD0076519E /* MZNHController.m */; };
		9B48980D135F89D30076519E /* MZNHController.xib in Resources */ = {isa = PBXBuildFile; fileRef = 9B48980C135F89D30076519E /* MZNHController.xib */; };
/* End PBXBuildFile section */

/* Begin PBXFileReference section */
		1FD33D0C134E33A1000BB622 /* ImmExample.app */ = {isa = PBXFileReference; explicitFileType = wrapper.application; includeInIndex = 0; path = ImmExample.app; sourceTree = BUILT_PRODUCTS_DIR; };
		1FD33D10134E33A1000BB622 /* UIKit.framework */ = {isa = PBXFileReference; lastKnownFileType = wrapper.framework; name = UIKit.framework; path = System/Library/Frameworks/UIKit.framework; sourceTree = SDKROOT; };
		1FD33D12134E33A1000BB622 /* Foundation.framework */ = {isa = PBXFileReference; lastKnownFileType = wrapper.framework; name = Foundation.framework; path = System/Library/Frameworks/Foundation.framework; sourceTree = SDKROOT; };
		1FD33D14134E33A1000BB622 /* CoreGraphics.framework */ = {isa = PBXFileReference; lastKnownFileType = wrapper.framework; name = CoreGraphics.framework; path = System/Library/Frameworks/CoreGraphics.framework; sourceTree = SDKROOT; };
		1FD33D18134E33A1000BB622 /* ImmExample-Info.plist */ = {isa = PBXFileReference; lastKnownFileType = text.plist.xml; path = "ImmExample-Info.plist"; sourceTree = "<group>"; };
		1FD33D1A134E33A1000BB622 /* en */ = {isa = PBXFileReference; lastKnownFileType = text.plist.strings; name = en; path = en.lproj/InfoPlist.strings; sourceTree = "<group>"; };
		1FD33D1C134E33A1000BB622 /* ImmExample-Prefix.pch */ = {isa = PBXFileReference; lastKnownFileType = sourcecode.c.h; path = "ImmExample-Prefix.pch"; sourceTree = "<group>"; };
		1FD33D1D134E33A1000BB622 /* main.m */ = {isa = PBXFileReference; lastKnownFileType = sourcecode.c.objc; path = main.m; sourceTree = "<group>"; };
		1FD33D1F134E33A1000BB622 /* ImmExampleAppDelegate.h */ = {isa = PBXFileReference; lastKnownFileType = sourcecode.c.h; path = ImmExampleAppDelegate.h; sourceTree = "<group>"; };
		1FD33D20134E33A1000BB622 /* ImmExampleAppDelegate.m */ = {isa = PBXFileReference; lastKnownFileType = sourcecode.c.objc; path = ImmExampleAppDelegate.m; sourceTree = "<group>"; };
		1FD33D23134E33A1000BB622 /* en */ = {isa = PBXFileReference; lastKnownFileType = file.xib; name = en; path = en.lproj/MainWindow.xib; sourceTree = "<group>"; };
		1FD33D25134E33A1000BB622 /* ImmExampleViewController.h */ = {isa = PBXFileReference; lastKnownFileType = sourcecode.c.h; path = ImmExampleViewController.h; sourceTree = "<group>"; };
		1FD33D26134E33A1000BB622 /* ImmExampleViewController.m */ = {isa = PBXFileReference; lastKnownFileType = sourcecode.c.objc; path = ImmExampleViewController.m; sourceTree = "<group>"; };
		1FD33D29134E33A1000BB622 /* en */ = {isa = PBXFileReference; lastKnownFileType = file.xib; name = en; path = en.lproj/ImmExampleViewController.xib; sourceTree = "<group>"; };
		1FD33D30134E3D75000BB622 /* ImExController.h */ = {isa = PBXFileReference; fileEncoding = 4; lastKnownFileType = sourcecode.c.h; path = ImExController.h; sourceTree = "<group>"; };
		1FD33D31134E3D75000BB622 /* ImExController.m */ = {isa = PBXFileReference; fileEncoding = 4; lastKnownFileType = sourcecode.c.objc; path = ImExController.m; sourceTree = "<group>"; };
		1FD33D35134E4A57000BB622 /* FAExampleController.h */ = {isa = PBXFileReference; fileEncoding = 4; lastKnownFileType = sourcecode.c.h; path = FAExampleController.h; sourceTree = "<group>"; };
		1FD33D36134E4A57000BB622 /* FAExampleController.m */ = {isa = PBXFileReference; fileEncoding = 4; lastKnownFileType = sourcecode.c.objc; path = FAExampleController.m; sourceTree = "<group>"; };
		1FD33D38134E4B07000BB622 /* FAModel.h */ = {isa = PBXFileReference; fileEncoding = 4; lastKnownFileType = sourcecode.c.h; path = FAModel.h; sourceTree = "<group>"; };
		1FD33D39134E4B07000BB622 /* FAModel.m */ = {isa = PBXFileReference; fileEncoding = 4; lastKnownFileType = sourcecode.c.objc; path = FAModel.m; sourceTree = "<group>"; };
		1FD33D3C134E50C4000BB622 /* FAExampleController.xib */ = {isa = PBXFileReference; fileEncoding = 4; lastKnownFileType = file.xib; path = FAExampleController.xib; sourceTree = "<group>"; };
		1FD33D46134E5293000BB622 /* FAExampleBackground.png */ = {isa = PBXFileReference; lastKnownFileType = image.png; path = FAExampleBackground.png; sourceTree = "<group>"; };
		1FD33D49134E5B2D000BB622 /* FAGraphView.h */ = {isa = PBXFileReference; fileEncoding = 4; lastKnownFileType = sourcecode.c.h; path = FAGraphView.h; sourceTree = "<group>"; };
		1FD33D4A134E5B2D000BB622 /* FAGraphView.m */ = {isa = PBXFileReference; fileEncoding = 4; lastKnownFileType = sourcecode.c.objc; path = FAGraphView.m; sourceTree = "<group>"; };
		77151358135F68060092CCD5 /* MZNHCelestialBody.h */ = {isa = PBXFileReference; fileEncoding = 4; lastKnownFileType = sourcecode.c.h; path = MZNHCelestialBody.h; sourceTree = "<group>"; };
		77151359135F68060092CCD5 /* MZNHCelestialBody.m */ = {isa = PBXFileReference; fileEncoding = 4; lastKnownFileType = sourcecode.c.objc; path = MZNHCelestialBody.m; sourceTree = "<group>"; };
		7715135C135F739F0092CCD5 /* CelestialBodyData.plist */ = {isa = PBXFileReference; fileEncoding = 4; lastKnownFileType = text.plist.xml; path = CelestialBodyData.plist; sourceTree = "<group>"; };
		9B489808135F89BD0076519E /* MZNHController.h */ = {isa = PBXFileReference; fileEncoding = 4; lastKnownFileType = sourcecode.c.h; path = MZNHController.h; sourceTree = "<group>"; };
		9B489809135F89BD0076519E /* MZNHController.m */ = {isa = PBXFileReference; fileEncoding = 4; lastKnownFileType = sourcecode.c.objc; path = MZNHController.m; sourceTree = "<group>"; };
		9B48980C135F89D30076519E /* MZNHController.xib */ = {isa = PBXFileReference; fileEncoding = 4; lastKnownFileType = file.xib; path = MZNHController.xib; sourceTree = "<group>"; };
/* End PBXFileReference section */

/* Begin PBXFrameworksBuildPhase section */
		1FD33D09134E33A1000BB622 /* Frameworks */ = {
			isa = PBXFrameworksBuildPhase;
			buildActionMask = 2147483647;
			files = (
				1FD33D11134E33A1000BB622 /* UIKit.framework in Frameworks */,
				1FD33D13134E33A1000BB622 /* Foundation.framework in Frameworks */,
				1FD33D15134E33A1000BB622 /* CoreGraphics.framework in Frameworks */,
			);
			runOnlyForDeploymentPostprocessing = 0;
		};
/* End PBXFrameworksBuildPhase section */

/* Begin PBXGroup section */
		1FD33D01134E33A0000BB622 = {
			isa = PBXGroup;
			children = (
				1FD33D16134E33A1000BB622 /* ImmExample */,
				1FD33D0F134E33A1000BB622 /* Frameworks */,
				1FD33D0D134E33A1000BB622 /* Products */,
			);
			sourceTree = "<group>";
		};
		1FD33D0D134E33A1000BB622 /* Products */ = {
			isa = PBXGroup;
			children = (
				1FD33D0C134E33A1000BB622 /* ImmExample.app */,
			);
			name = Products;
			sourceTree = "<group>";
		};
		1FD33D0F134E33A1000BB622 /* Frameworks */ = {
			isa = PBXGroup;
			children = (
				1FD33D10134E33A1000BB622 /* UIKit.framework */,
				1FD33D12134E33A1000BB622 /* Foundation.framework */,
				1FD33D14134E33A1000BB622 /* CoreGraphics.framework */,
			);
			name = Frameworks;
			sourceTree = "<group>";
		};
		1FD33D16134E33A1000BB622 /* ImmExample */ = {
			isa = PBXGroup;
			children = (
				1FD33D1F134E33A1000BB622 /* ImmExampleAppDelegate.h */,
				1FD33D20134E33A1000BB622 /* ImmExampleAppDelegate.m */,
				1FD33D22134E33A1000BB622 /* MainWindow.xib */,
				1FD33D3B134E5054000BB622 /* Custom models */,
				1FD33D4C134E5F65000BB622 /* Custom Views */,
				1FD33D34134E4A16000BB622 /* Custom Controllers */,
				1FD33D33134E496E000BB622 /* Core Controllers */,
				1FD33D17134E33A1000BB622 /* Supporting Files */,
			);
			path = ImmExample;
			sourceTree = "<group>";
		};
		1FD33D17134E33A1000BB622 /* Supporting Files */ = {
			isa = PBXGroup;
			children = (
				1FD33D18134E33A1000BB622 /* ImmExample-Info.plist */,
				1FD33D19134E33A1000BB622 /* InfoPlist.strings */,
				1FD33D1C134E33A1000BB622 /* ImmExample-Prefix.pch */,
				1FD33D1D134E33A1000BB622 /* main.m */,
				7715135C135F739F0092CCD5 /* CelestialBodyData.plist */,
			);
			name = "Supporting Files";
			sourceTree = "<group>";
		};
		1FD33D33134E496E000BB622 /* Core Controllers */ = {
			isa = PBXGroup;
			children = (
				1FD33D30134E3D75000BB622 /* ImExController.h */,
				1FD33D31134E3D75000BB622 /* ImExController.m */,
				1FD33D25134E33A1000BB622 /* ImmExampleViewController.h */,
				1FD33D26134E33A1000BB622 /* ImmExampleViewController.m */,
				1FD33D28134E33A1000BB622 /* ImmExampleViewController.xib */,
			);
			name = "Core Controllers";
			sourceTree = "<group>";
		};
		1FD33D34134E4A16000BB622 /* Custom Controllers */ = {
			isa = PBXGroup;
			children = (
				1FD33D46134E5293000BB622 /* FAExampleBackground.png */,
				1FD33D35134E4A57000BB622 /* FAExampleController.h */,
				1FD33D36134E4A57000BB622 /* FAExampleController.m */,
				1FD33D3C134E50C4000BB622 /* FAExampleController.xib */,
				9B489808135F89BD0076519E /* MZNHController.h */,
				9B489809135F89BD0076519E /* MZNHController.m */,
				9B48980C135F89D30076519E /* MZNHController.xib */,
			);
			name = "Custom Controllers";
			sourceTree = "<group>";
		};
		1FD33D3B134E5054000BB622 /* Custom models */ = {
			isa = PBXGroup;
			children = (
				1FD33D38134E4B07000BB622 /* FAModel.h */,
				1FD33D39134E4B07000BB622 /* FAModel.m */,
				77151358135F68060092CCD5 /* MZNHCelestialBody.h */,
				77151359135F68060092CCD5 /* MZNHCelestialBody.m */,
			);
			name = "Custom models";
			sourceTree = "<group>";
		};
		1FD33D4C134E5F65000BB622 /* Custom Views */ = {
			isa = PBXGroup;
			children = (
				1FD33D49134E5B2D000BB622 /* FAGraphView.h */,
				1FD33D4A134E5B2D000BB622 /* FAGraphView.m */,
			);
			name = "Custom Views";
			sourceTree = "<group>";
		};
/* End PBXGroup section */

/* Begin PBXNativeTarget section */
		1FD33D0B134E33A1000BB622 /* ImmExample */ = {
			isa = PBXNativeTarget;
			buildConfigurationList = 1FD33D2D134E33A1000BB622 /* Build configuration list for PBXNativeTarget "ImmExample" */;
			buildPhases = (
				1FD33D08134E33A1000BB622 /* Sources */,
				1FD33D09134E33A1000BB622 /* Frameworks */,
				1FD33D0A134E33A1000BB622 /* Resources */,
			);
			buildRules = (
			);
			dependencies = (
			);
			name = ImmExample;
			productName = ImmExample;
			productReference = 1FD33D0C134E33A1000BB622 /* ImmExample.app */;
			productType = "com.apple.product-type.application";
		};
/* End PBXNativeTarget section */

/* Begin PBXProject section */
		1FD33D03134E33A0000BB622 /* Project object */ = {
			isa = PBXProject;
			buildConfigurationList = 1FD33D06134E33A0000BB622 /* Build configuration list for PBXProject "ImmExample" */;
			compatibilityVersion = "Xcode 3.2";
			developmentRegion = English;
			hasScannedForEncodings = 0;
			knownRegions = (
				en,
			);
			mainGroup = 1FD33D01134E33A0000BB622;
			productRefGroup = 1FD33D0D134E33A1000BB622 /* Products */;
			projectDirPath = "";
			projectRoot = "";
			targets = (
				1FD33D0B134E33A1000BB622 /* ImmExample */,
			);
		};
/* End PBXProject section */

/* Begin PBXResourcesBuildPhase section */
		1FD33D0A134E33A1000BB622 /* Resources */ = {
			isa = PBXResourcesBuildPhase;
			buildActionMask = 2147483647;
			files = (
				1FD33D1B134E33A1000BB622 /* InfoPlist.strings in Resources */,
				1FD33D24134E33A1000BB622 /* MainWindow.xib in Resources */,
				1FD33D2A134E33A1000BB622 /* ImmExampleViewController.xib in Resources */,
				1FD33D3D134E50C4000BB622 /* FAExampleController.xib in Resources */,
				1FD33D47134E5293000BB622 /* FAExampleBackground.png in Resources */,
				7715135D135F739F0092CCD5 /* CelestialBodyData.plist in Resources */,
				9B48980D135F89D30076519E /* MZNHController.xib in Resources */,
			);
			runOnlyForDeploymentPostprocessing = 0;
		};
/* End PBXResourcesBuildPhase section */

/* Begin PBXSourcesBuildPhase section */
		1FD33D08134E33A1000BB622 /* Sources */ = {
			isa = PBXSourcesBuildPhase;
			buildActionMask = 2147483647;
			files = (
				1FD33D1E134E33A1000BB622 /* main.m in Sources */,
				1FD33D21134E33A1000BB622 /* ImmExampleAppDelegate.m in Sources */,
				1FD33D27134E33A1000BB622 /* ImmExampleViewController.m in Sources */,
				1FD33D32134E3D75000BB622 /* ImExController.m in Sources */,
				1FD33D37134E4A57000BB622 /* FAExampleController.m in Sources */,
				1FD33D3A134E4B07000BB622 /* FAModel.m in Sources */,
				1FD33D4B134E5B2D000BB622 /* FAGraphView.m in Sources */,
				7715135A135F68060092CCD5 /* MZNHCelestialBody.m in Sources */,
				9B48980A135F89BD0076519E /* MZNHController.m in Sources */,
			);
			runOnlyForDeploymentPostprocessing = 0;
		};
/* End PBXSourcesBuildPhase section */

/* Begin PBXVariantGroup section */
		1FD33D19134E33A1000BB622 /* InfoPlist.strings */ = {
			isa = PBXVariantGroup;
			children = (
				1FD33D1A134E33A1000BB622 /* en */,
			);
			name = InfoPlist.strings;
			sourceTree = "<group>";
		};
		1FD33D22134E33A1000BB622 /* MainWindow.xib */ = {
			isa = PBXVariantGroup;
			children = (
				1FD33D23134E33A1000BB622 /* en */,
			);
			name = MainWindow.xib;
			sourceTree = "<group>";
		};
		1FD33D28134E33A1000BB622 /* ImmExampleViewController.xib */ = {
			isa = PBXVariantGroup;
			children = (
				1FD33D29134E33A1000BB622 /* en */,
			);
			name = ImmExampleViewController.xib;
			sourceTree = "<group>";
		};
/* End PBXVariantGroup section */

/* Begin XCBuildConfiguration section */
		1FD33D2B134E33A1000BB622 /* Debug */ = {
			isa = XCBuildConfiguration;
			buildSettings = {
				ARCHS = "$(ARCHS_STANDARD_32_BIT)";
				"CODE_SIGN_IDENTITY[sdk=iphoneos*]" = "iPhone Developer";
				GCC_C_LANGUAGE_STANDARD = gnu99;
				GCC_OPTIMIZATION_LEVEL = 0;
				GCC_PREPROCESSOR_DEFINITIONS = DEBUG;
				GCC_SYMBOLS_PRIVATE_EXTERN = NO;
				GCC_VERSION = com.apple.compilers.llvmgcc42;
				GCC_WARN_ABOUT_RETURN_TYPE = YES;
				GCC_WARN_UNUSED_VARIABLE = YES;
				IPHONEOS_DEPLOYMENT_TARGET = 4.3;
				SDKROOT = iphoneos;
			};
			name = Debug;
		};
		1FD33D2C134E33A1000BB622 /* Release */ = {
			isa = XCBuildConfiguration;
			buildSettings = {
				ARCHS = "$(ARCHS_STANDARD_32_BIT)";
				"CODE_SIGN_IDENTITY[sdk=iphoneos*]" = "iPhone Developer";
				GCC_C_LANGUAGE_STANDARD = gnu99;
				GCC_VERSION = com.apple.compilers.llvmgcc42;
				GCC_WARN_ABOUT_RETURN_TYPE = YES;
				GCC_WARN_UNUSED_VARIABLE = YES;
				IPHONEOS_DEPLOYMENT_TARGET = 4.3;
				OTHER_CFLAGS = "-DNS_BLOCK_ASSERTIONS=1";
				SDKROOT = iphoneos;
			};
			name = Release;
		};
		1FD33D2E134E33A1000BB622 /* Debug */ = {
			isa = XCBuildConfiguration;
			buildSettings = {
				ALWAYS_SEARCH_USER_PATHS = NO;
				COPY_PHASE_STRIP = NO;
				GCC_DYNAMIC_NO_PIC = NO;
				GCC_PRECOMPILE_PREFIX_HEADER = YES;
				GCC_PREFIX_HEADER = "ImmExample/ImmExample-Prefix.pch";
				INFOPLIST_FILE = "ImmExample/ImmExample-Info.plist";
				PRODUCT_NAME = "$(TARGET_NAME)";
				WRAPPER_EXTENSION = app;
			};
			name = Debug;
		};
		1FD33D2F134E33A1000BB622 /* Release */ = {
			isa = XCBuildConfiguration;
			buildSettings = {
				ALWAYS_SEARCH_USER_PATHS = NO;
				COPY_PHASE_STRIP = YES;
				GCC_PRECOMPILE_PREFIX_HEADER = YES;
				GCC_PREFIX_HEADER = "ImmExample/ImmExample-Prefix.pch";
				INFOPLIST_FILE = "ImmExample/ImmExample-Info.plist";
				PRODUCT_NAME = "$(TARGET_NAME)";
				VALIDATE_PRODUCT = YES;
				WRAPPER_EXTENSION = app;
			};
			name = Release;
		};
/* End XCBuildConfiguration section */

/* Begin XCConfigurationList section */
		1FD33D06134E33A0000BB622 /* Build configuration list for PBXProject "ImmExample" */ = {
			isa = XCConfigurationList;
			buildConfigurations = (
				1FD33D2B134E33A1000BB622 /* Debug */,
				1FD33D2C134E33A1000BB622 /* Release */,
			);
			defaultConfigurationIsVisible = 0;
			defaultConfigurationName = Release;
		};
		1FD33D2D134E33A1000BB622 /* Build configuration list for PBXNativeTarget "ImmExample" */ = {
			isa = XCConfigurationList;
			buildConfigurations = (
				1FD33D2E134E33A1000BB622 /* Debug */,
				1FD33D2F134E33A1000BB622 /* Release */,
			);
			defaultConfigurationIsVisible = 0;
			defaultConfigurationName = Release;
		};
/* End XCConfigurationList section */
	};
	rootObject = 1FD33D03134E33A0000BB622 /* Project object */;
}
